{
  "name": "social-network",
  "lockfileVersion": 3,
  "requires": true,
  "packages": {
    "node_modules/@popperjs/core": {
      "version": "2.11.8",
      "resolved": "https://registry.npmjs.org/@popperjs/core/-/core-2.11.8.tgz",
      "integrity": "sha512-P1st0aksCrn9sGZhp8GMYwBnQsbvAWsZAX44oXNNvLHGqAOcoVxmjZiohstwQ7SqKnbR47akdNi+uleWD8+g6A==",
      "funding": {
        "type": "opencollective",
        "url": "https://opencollective.com/popperjs"
      }
    },
    "node_modules/@suid/base": {
      "version": "0.9.0",
      "resolved": "https://registry.npmjs.org/@suid/base/-/base-0.9.0.tgz",
      "integrity": "sha512-uj6kYkPB2/79iKJQSIKrSqxA0H0/1vcxxsyclHRMdU/RL3FVGUfasmAMJR7E6YVLi78A+fsabBKeu/yQSrr/Hg==",
      "dependencies": {
        "@popperjs/core": "^2.11.8",
        "@suid/css": "0.4.0",
        "@suid/system": "0.11.0",
        "@suid/types": "0.6.0",
        "@suid/utils": "0.9.0",
        "clsx": "^2.1.0"
      },
      "peerDependencies": {
        "solid-js": "^1.8.16"
      }
    },
    "node_modules/@suid/css": {
      "version": "0.4.0",
      "resolved": "https://registry.npmjs.org/@suid/css/-/css-0.4.0.tgz",
      "integrity": "sha512-yzHAlf1CVi7n0SvUrMgs8Z49UiS9669+td1w1frekhRQuRbkXhHoyJkvovaDVJlWRmCPA8Q0f1OTr0uDCUg9mQ=="
    },
    "node_modules/@suid/icons-material": {
      "version": "0.7.0",
      "resolved": "https://registry.npmjs.org/@suid/icons-material/-/icons-material-0.7.0.tgz",
      "integrity": "sha512-d40gG5GBE/UrUYvVkf53zzhmNIV9eb4z52DUON2fGidprf/LkD4WdamwHKS1QfElvHnuaOci1VjV6cHdblzPBQ==",
      "dependencies": {
        "@suid/material": "0.16.0"
      },
      "peerDependencies": {
        "solid-js": "^1.8.16"
      }
    },
    "node_modules/@suid/material": {
      "version": "0.16.0",
      "resolved": "https://registry.npmjs.org/@suid/material/-/material-0.16.0.tgz",
      "integrity": "sha512-qr/xdkl8Ekp+GO4m5VhXLi/CBrmUXALc8MP75p8y+0ZMXB+RLwSsZK1z1i9EjmEsmR5RC6G9VFJPWrpMI7j32A==",
      "dependencies": {
        "@suid/base": "0.9.0",
        "@suid/css": "0.4.0",
        "@suid/system": "0.11.0",
        "@suid/types": "0.6.0",
        "@suid/utils": "0.9.0",
        "clsx": "^2.1.0"
      },
      "peerDependencies": {
        "solid-js": "^1.8.16"
      }
    },
    "node_modules/@suid/styled-engine": {
      "version": "0.7.0",
      "resolved": "https://registry.npmjs.org/@suid/styled-engine/-/styled-engine-0.7.0.tgz",
      "integrity": "sha512-yaanC2KI5yl8QrKL2e9Y89XJvqd3wrjZUCNctWWUF+1uypmoXcoP6N6MQvzr3+78fT0iLeEfn3b/lXl8x0+jAw==",
      "dependencies": {
        "@suid/css": "0.4.0",
        "@suid/utils": "0.9.0"
      },
      "peerDependencies": {
        "solid-js": "^1.8.16"
      }
    },
    "node_modules/@suid/system": {
      "version": "0.11.0",
      "resolved": "https://registry.npmjs.org/@suid/system/-/system-0.11.0.tgz",
      "integrity": "sha512-DVywaHMG97I7j0KjgOXTQlf6SG72sA5QSsNJ3RkED+dsjvHjkVgBbOkKNR04RHlwlItbR2Wdhu7ZlREvSsneeQ==",
      "dependencies": {
        "@suid/css": "0.4.0",
        "@suid/styled-engine": "0.7.0",
        "@suid/types": "0.6.0",
        "@suid/utils": "0.9.0",
        "clsx": "^2.1.0",
        "csstype": "^3.1.3"
      },
      "peerDependencies": {
        "solid-js": "^1.8.16"
      }
    },
    "node_modules/@suid/types": {
      "version": "0.6.0",
      "resolved": "https://registry.npmjs.org/@suid/types/-/types-0.6.0.tgz",
      "integrity": "sha512-W9RtmxQe0ZLvAwtoQtKb96SGNGNIWTskhxkXu5FeH5IPyvU5PpEWFLsyg3rmzLVAUHF1WsQwXBv/EZwwAjFkGQ==",
      "peerDependencies": {
        "solid-js": "^1.8.16"
      }
    },
    "node_modules/@suid/utils": {
      "version": "0.9.0",
      "resolved": "https://registry.npmjs.org/@suid/utils/-/utils-0.9.0.tgz",
      "integrity": "sha512-YDudkXz0PXGlzl6s9OFCsRkdCTn6RBSx6Nb8o+np/SfOQ+Tnx3abgjNGkt10xZMRbobBr0lr6asmkYUQQRhHYA==",
      "dependencies": {
        "@suid/types": "0.6.0"
      },
      "peerDependencies": {
        "solid-js": "^1.8.16"
      }
    },
    "node_modules/clsx": {
      "version": "2.1.1",
      "resolved": "https://registry.npmjs.org/clsx/-/clsx-2.1.1.tgz",
      "integrity": "sha512-eYm0QWBtUrBWZWG0d386OGAw16Z995PiOVo2B7bjWSbHedGl5e0ZWaq65kOGgUSNesEIDkB9ISbTg/JK9dhCZA==",
      "engines": {
        "node": ">=6"
      }
    },
    "node_modules/csstype": {
      "version": "3.1.3",
      "resolved": "https://registry.npmjs.org/csstype/-/csstype-3.1.3.tgz",
      "integrity": "sha512-M1uQkMl8rQK/szD0LNhtqxIPLpimGm8sOBwU7lLnCpSbTyY3yeU1Vc7l4KT5zT4s/yOxHH5O7tIuuLOCnLADRw=="
    },
    "node_modules/seroval": {
      "version": "1.0.7",
      "resolved": "https://registry.npmjs.org/seroval/-/seroval-1.0.7.tgz",
      "integrity": "sha512-n6ZMQX5q0Vn19Zq7CIKNIo7E75gPkGCFUEqDpa8jgwpYr/vScjqnQ6H09t1uIiZ0ZSK0ypEGvrYK2bhBGWsGdw==",
      "peer": true,
      "engines": {
        "node": ">=10"
      }
    },
    "node_modules/seroval-plugins": {
      "version": "1.0.7",
      "resolved": "https://registry.npmjs.org/seroval-plugins/-/seroval-plugins-1.0.7.tgz",
      "integrity": "sha512-GO7TkWvodGp6buMEX9p7tNyIkbwlyuAWbI6G9Ec5bhcm7mQdu3JOK1IXbEUwb3FVzSc363GraG/wLW23NSavIw==",
      "peer": true,
      "engines": {
        "node": ">=10"
      },
      "peerDependencies": {
        "seroval": "^1.0"
      }
    },
    "node_modules/solid-js": {
      "version": "1.8.17",
      "resolved": "https://registry.npmjs.org/solid-js/-/solid-js-1.8.17.tgz",
      "integrity": "sha512-E0FkUgv9sG/gEBWkHr/2XkBluHb1fkrHywUgA6o6XolPDCJ4g1HaLmQufcBBhiF36ee40q+HpG/vCZu7fLpI3Q==",
      "peer": true,
      "dependencies": {
        "csstype": "^3.1.0",
        "seroval": "^1.0.4",
        "seroval-plugins": "^1.0.3"
      }
    }
  }
}
